
Microsoft Visual Studio Solution File, Format Version 11.00
# Visual C# Express 2010
Project("{FAE04EC0-301F-11D3-BF4B-00C04F79EFBC}") = "Cadencii", "Cadencii\Cadencii.csproj", "{A97A6445-5A48-4CEC-A7CE-05B10126CA2A}"
	ProjectSection(ProjectDependencies) = postProject
		{F4F8F601-4E3D-43F5-A8A8-AA1FB7F48452} = {F4F8F601-4E3D-43F5-A8A8-AA1FB7F48452}
		{0C58B068-272F-4390-A14F-3D72AFCF3DFB} = {0C58B068-272F-4390-A14F-3D72AFCF3DFB}
		{673347F3-6FC2-4F82-9273-BF158E0F8CB1} = {673347F3-6FC2-4F82-9273-BF158E0F8CB1}
	EndProjectSection
EndProject
Project("{FAE04EC0-301F-11D3-BF4B-00C04F79EFBC}") = "GenerateKeySound", "GenerateKeySound\GenerateKeySound.csproj", "{AF5EB52F-11D8-4939-ADCD-90F432A71ECC}"
EndProject
Project("{FAE04EC0-301F-11D3-BF4B-00C04F79EFBC}") = "ScriptImplement", "ScriptImplement\ScriptImplement.csproj", "{A0B35F11-5790-4473-A508-5868FFA67D70}"
EndProject
Project("{FAE04EC0-301F-11D3-BF4B-00C04F79EFBC}") = "EditOtoIni", "EditOtoIni\EditOtoIni.csproj", "{D9E9BE68-1790-4DBE-B556-44057B6B6AB7}"
	ProjectSection(ProjectDependencies) = postProject
		{F4F8F601-4E3D-43F5-A8A8-AA1FB7F48452} = {F4F8F601-4E3D-43F5-A8A8-AA1FB7F48452}
		{C8AAE632-9C6C-4372-8175-811528A66742} = {C8AAE632-9C6C-4372-8175-811528A66742}
		{673347F3-6FC2-4F82-9273-BF158E0F8CB1} = {673347F3-6FC2-4F82-9273-BF158E0F8CB1}
	EndProjectSection
EndProject
Project("{FAE04EC0-301F-11D3-BF4B-00C04F79EFBC}") = "org.kbinani.apputil", "org.kbinani.apputil\org.kbinani.apputil.csproj", "{0C58B068-272F-4390-A14F-3D72AFCF3DFB}"
EndProject
Project("{FAE04EC0-301F-11D3-BF4B-00C04F79EFBC}") = "org.kbinani.media", "org.kbinani.media\org.kbinani.media.csproj", "{F4F8F601-4E3D-43F5-A8A8-AA1FB7F48452}"
EndProject
Project("{FAE04EC0-301F-11D3-BF4B-00C04F79EFBC}") = "org.kbinani.vsq", "org.kbinani.vsq\org.kbinani.vsq.csproj", "{673347F3-6FC2-4F82-9273-BF158E0F8CB1}"
EndProject
Project("{FAE04EC0-301F-11D3-BF4B-00C04F79EFBC}") = "org.kbinani", "org.kbinani\org.kbinani.csproj", "{C8AAE632-9C6C-4372-8175-811528A66742}"
EndProject
Project("{FAE04EC0-301F-11D3-BF4B-00C04F79EFBC}") = "CheckSinger", "CheckSinger\CheckSinger.csproj", "{711503AA-C2FE-43BD-A09F-C6BB655CC8EC}"
EndProject
Project("{FAE04EC0-301F-11D3-BF4B-00C04F79EFBC}") = "TestUtauScript", "TestUtauScript\TestUtauScript.csproj", "{EE49D4AF-12EB-42C8-AE1A-82608C1DBBFA}"
EndProject
Project("{FAE04EC0-301F-11D3-BF4B-00C04F79EFBC}") = "org.kbinani.windows.forms", "org.kbinani.windows.forms\org.kbinani.windows.forms.csproj", "{B9481E3B-6842-4AB3-8ED4-29C86C2579A3}"
EndProject
Global
	GlobalSection(SolutionConfigurationPlatforms) = preSolution
		Debug|x86 = Debug|x86
		DebugMinimal|x86 = DebugMinimal|x86
		Release|x86 = Release|x86
		ReleaseMinimal|x86 = ReleaseMinimal|x86
	EndGlobalSection
	GlobalSection(ProjectConfigurationPlatforms) = postSolution
		{A97A6445-5A48-4CEC-A7CE-05B10126CA2A}.Debug|x86.ActiveCfg = Debug|x86
		{A97A6445-5A48-4CEC-A7CE-05B10126CA2A}.Debug|x86.Build.0 = Debug|x86
		{A97A6445-5A48-4CEC-A7CE-05B10126CA2A}.DebugMinimal|x86.ActiveCfg = DebugMinimal|x86
		{A97A6445-5A48-4CEC-A7CE-05B10126CA2A}.DebugMinimal|x86.Build.0 = DebugMinimal|x86
		{A97A6445-5A48-4CEC-A7CE-05B10126CA2A}.Release|x86.ActiveCfg = Release|x86
		{A97A6445-5A48-4CEC-A7CE-05B10126CA2A}.Release|x86.Build.0 = Release|x86
		{A97A6445-5A48-4CEC-A7CE-05B10126CA2A}.ReleaseMinimal|x86.ActiveCfg = ReleaseMinimal|x86
		{A97A6445-5A48-4CEC-A7CE-05B10126CA2A}.ReleaseMinimal|x86.Build.0 = ReleaseMinimal|x86
		{AF5EB52F-11D8-4939-ADCD-90F432A71ECC}.Debug|x86.ActiveCfg = Debug|x86
		{AF5EB52F-11D8-4939-ADCD-90F432A71ECC}.Debug|x86.Build.0 = Debug|x86
		{AF5EB52F-11D8-4939-ADCD-90F432A71ECC}.DebugMinimal|x86.ActiveCfg = DebugMinimal|x86
		{AF5EB52F-11D8-4939-ADCD-90F432A71ECC}.DebugMinimal|x86.Build.0 = DebugMinimal|x86
		{AF5EB52F-11D8-4939-ADCD-90F432A71ECC}.Release|x86.ActiveCfg = Release|x86
		{AF5EB52F-11D8-4939-ADCD-90F432A71ECC}.Release|x86.Build.0 = Release|x86
		{AF5EB52F-11D8-4939-ADCD-90F432A71ECC}.ReleaseMinimal|x86.ActiveCfg = ReleaseMinimal|x86
		{AF5EB52F-11D8-4939-ADCD-90F432A71ECC}.ReleaseMinimal|x86.Build.0 = ReleaseMinimal|x86
		{A0B35F11-5790-4473-A508-5868FFA67D70}.Debug|x86.ActiveCfg = Debug|x86
		{A0B35F11-5790-4473-A508-5868FFA67D70}.Debug|x86.Build.0 = Debug|x86
		{A0B35F11-5790-4473-A508-5868FFA67D70}.DebugMinimal|x86.ActiveCfg = DebugMinimal|x86
		{A0B35F11-5790-4473-A508-5868FFA67D70}.DebugMinimal|x86.Build.0 = DebugMinimal|x86
		{A0B35F11-5790-4473-A508-5868FFA67D70}.Release|x86.ActiveCfg = Release|x86
		{A0B35F11-5790-4473-A508-5868FFA67D70}.Release|x86.Build.0 = Release|x86
		{A0B35F11-5790-4473-A508-5868FFA67D70}.ReleaseMinimal|x86.ActiveCfg = ReleaseMinimal|x86
		{A0B35F11-5790-4473-A508-5868FFA67D70}.ReleaseMinimal|x86.Build.0 = ReleaseMinimal|x86
		{D9E9BE68-1790-4DBE-B556-44057B6B6AB7}.Debug|x86.ActiveCfg = Debug|x86
		{D9E9BE68-1790-4DBE-B556-44057B6B6AB7}.Debug|x86.Build.0 = Debug|x86
		{D9E9BE68-1790-4DBE-B556-44057B6B6AB7}.DebugMinimal|x86.ActiveCfg = DebugMinimal|x86
		{D9E9BE68-1790-4DBE-B556-44057B6B6AB7}.DebugMinimal|x86.Build.0 = DebugMinimal|x86
		{D9E9BE68-1790-4DBE-B556-44057B6B6AB7}.Release|x86.ActiveCfg = Release|x86
		{D9E9BE68-1790-4DBE-B556-44057B6B6AB7}.Release|x86.Build.0 = Release|x86
		{D9E9BE68-1790-4DBE-B556-44057B6B6AB7}.ReleaseMinimal|x86.ActiveCfg = ReleaseMinimal|x86
		{D9E9BE68-1790-4DBE-B556-44057B6B6AB7}.ReleaseMinimal|x86.Build.0 = ReleaseMinimal|x86
		{0C58B068-272F-4390-A14F-3D72AFCF3DFB}.Debug|x86.ActiveCfg = Debug|x86
		{0C58B068-272F-4390-A14F-3D72AFCF3DFB}.Debug|x86.Build.0 = Debug|x86
		{0C58B068-272F-4390-A14F-3D72AFCF3DFB}.DebugMinimal|x86.ActiveCfg = DebugMinimal|x86
		{0C58B068-272F-4390-A14F-3D72AFCF3DFB}.DebugMinimal|x86.Build.0 = DebugMinimal|x86
		{0C58B068-272F-4390-A14F-3D72AFCF3DFB}.Release|x86.ActiveCfg = Release|x86
		{0C58B068-272F-4390-A14F-3D72AFCF3DFB}.Release|x86.Build.0 = Release|x86
		{0C58B068-272F-4390-A14F-3D72AFCF3DFB}.ReleaseMinimal|x86.ActiveCfg = ReleaseMinimal|x86
		{0C58B068-272F-4390-A14F-3D72AFCF3DFB}.ReleaseMinimal|x86.Build.0 = ReleaseMinimal|x86
		{F4F8F601-4E3D-43F5-A8A8-AA1FB7F48452}.Debug|x86.ActiveCfg = Debug|x86
		{F4F8F601-4E3D-43F5-A8A8-AA1FB7F48452}.Debug|x86.Build.0 = Debug|x86
		{F4F8F601-4E3D-43F5-A8A8-AA1FB7F48452}.DebugMinimal|x86.ActiveCfg = DebugMinimal|x86
		{F4F8F601-4E3D-43F5-A8A8-AA1FB7F48452}.DebugMinimal|x86.Build.0 = DebugMinimal|x86
		{F4F8F601-4E3D-43F5-A8A8-AA1FB7F48452}.Release|x86.ActiveCfg = Release|x86
		{F4F8F601-4E3D-43F5-A8A8-AA1FB7F48452}.Release|x86.Build.0 = Release|x86
		{F4F8F601-4E3D-43F5-A8A8-AA1FB7F48452}.ReleaseMinimal|x86.ActiveCfg = ReleaseMinimal|x86
		{F4F8F601-4E3D-43F5-A8A8-AA1FB7F48452}.ReleaseMinimal|x86.Build.0 = ReleaseMinimal|x86
		{673347F3-6FC2-4F82-9273-BF158E0F8CB1}.Debug|x86.ActiveCfg = Debug|x86
		{673347F3-6FC2-4F82-9273-BF158E0F8CB1}.Debug|x86.Build.0 = Debug|x86
		{673347F3-6FC2-4F82-9273-BF158E0F8CB1}.DebugMinimal|x86.ActiveCfg = DebugMinimal|x86
		{673347F3-6FC2-4F82-9273-BF158E0F8CB1}.DebugMinimal|x86.Build.0 = DebugMinimal|x86
		{673347F3-6FC2-4F82-9273-BF158E0F8CB1}.Release|x86.ActiveCfg = Release|x86
		{673347F3-6FC2-4F82-9273-BF158E0F8CB1}.Release|x86.Build.0 = Release|x86
		{673347F3-6FC2-4F82-9273-BF158E0F8CB1}.ReleaseMinimal|x86.ActiveCfg = ReleaseMinimal|x86
		{673347F3-6FC2-4F82-9273-BF158E0F8CB1}.ReleaseMinimal|x86.Build.0 = ReleaseMinimal|x86
		{C8AAE632-9C6C-4372-8175-811528A66742}.Debug|x86.ActiveCfg = Debug|x86
		{C8AAE632-9C6C-4372-8175-811528A66742}.Debug|x86.Build.0 = Debug|x86
		{C8AAE632-9C6C-4372-8175-811528A66742}.DebugMinimal|x86.ActiveCfg = DebugMinimal|x86
		{C8AAE632-9C6C-4372-8175-811528A66742}.DebugMinimal|x86.Build.0 = DebugMinimal|x86
		{C8AAE632-9C6C-4372-8175-811528A66742}.Release|x86.ActiveCfg = Release|x86
		{C8AAE632-9C6C-4372-8175-811528A66742}.Release|x86.Build.0 = Release|x86
		{C8AAE632-9C6C-4372-8175-811528A66742}.ReleaseMinimal|x86.ActiveCfg = ReleaseMinimal|x86
		{C8AAE632-9C6C-4372-8175-811528A66742}.ReleaseMinimal|x86.Build.0 = ReleaseMinimal|x86
		{711503AA-C2FE-43BD-A09F-C6BB655CC8EC}.Debug|x86.ActiveCfg = Debug|x86
		{711503AA-C2FE-43BD-A09F-C6BB655CC8EC}.Debug|x86.Build.0 = Debug|x86
		{711503AA-C2FE-43BD-A09F-C6BB655CC8EC}.DebugMinimal|x86.ActiveCfg = Debug|x86
		{711503AA-C2FE-43BD-A09F-C6BB655CC8EC}.Release|x86.ActiveCfg = Release|x86
		{711503AA-C2FE-43BD-A09F-C6BB655CC8EC}.Release|x86.Build.0 = Release|x86
		{711503AA-C2FE-43BD-A09F-C6BB655CC8EC}.ReleaseMinimal|x86.ActiveCfg = Release|x86
		{EE49D4AF-12EB-42C8-AE1A-82608C1DBBFA}.Debug|x86.ActiveCfg = Debug|x86
		{EE49D4AF-12EB-42C8-AE1A-82608C1DBBFA}.DebugMinimal|x86.ActiveCfg = Debug|x86
		{EE49D4AF-12EB-42C8-AE1A-82608C1DBBFA}.DebugMinimal|x86.Build.0 = Debug|x86
		{EE49D4AF-12EB-42C8-AE1A-82608C1DBBFA}.Release|x86.ActiveCfg = Release|x86
		{EE49D4AF-12EB-42C8-AE1A-82608C1DBBFA}.Release|x86.Build.0 = Release|x86
		{EE49D4AF-12EB-42C8-AE1A-82608C1DBBFA}.ReleaseMinimal|x86.ActiveCfg = Release|x86
		{EE49D4AF-12EB-42C8-AE1A-82608C1DBBFA}.ReleaseMinimal|x86.Build.0 = Release|x86
		{B9481E3B-6842-4AB3-8ED4-29C86C2579A3}.Debug|x86.ActiveCfg = Debug|x86
		{B9481E3B-6842-4AB3-8ED4-29C86C2579A3}.Debug|x86.Build.0 = Debug|x86
		{B9481E3B-6842-4AB3-8ED4-29C86C2579A3}.DebugMinimal|x86.ActiveCfg = Debug|x86
		{B9481E3B-6842-4AB3-8ED4-29C86C2579A3}.DebugMinimal|x86.Build.0 = Debug|x86
		{B9481E3B-6842-4AB3-8ED4-29C86C2579A3}.Release|x86.ActiveCfg = Release|x86
		{B9481E3B-6842-4AB3-8ED4-29C86C2579A3}.Release|x86.Build.0 = Release|x86
		{B9481E3B-6842-4AB3-8ED4-29C86C2579A3}.ReleaseMinimal|x86.ActiveCfg = Release|x86
		{B9481E3B-6842-4AB3-8ED4-29C86C2579A3}.ReleaseMinimal|x86.Build.0 = Release|x86
	EndGlobalSection
	GlobalSection(SolutionProperties) = preSolution
		HideSolutionNode = FALSE
	EndGlobalSection
EndGlobal
