
Microsoft Visual Studio Solution File, Format Version 10.00
# Visual C# Express 2008
Project("{FAE04EC0-301F-11D3-BF4B-00C04F79EFBC}") = "EditOtoIni", "EditOtoIni\EditOtoIni.csproj", "{D9E9BE68-1790-4DBE-B556-44057B6B6AB7}"
	ProjectSection(ProjectDependencies) = postProject
		{F4F8F601-4E3D-43F5-A8A8-AA1FB7F48452} = {F4F8F601-4E3D-43F5-A8A8-AA1FB7F48452}
		{C8AAE632-9C6C-4372-8175-811528A66742} = {C8AAE632-9C6C-4372-8175-811528A66742}
		{673347F3-6FC2-4F82-9273-BF158E0F8CB1} = {673347F3-6FC2-4F82-9273-BF158E0F8CB1}
	EndProjectSection
EndProject
Project("{FAE04EC0-301F-11D3-BF4B-00C04F79EFBC}") = "org.kbinani.apputil", "org.kbinani.apputil\org.kbinani.apputil.csproj", "{0C58B068-272F-4390-A14F-3D72AFCF3DFB}"
EndProject
Project("{FAE04EC0-301F-11D3-BF4B-00C04F79EFBC}") = "org.kbinani.media", "org.kbinani.media\org.kbinani.media.csproj", "{F4F8F601-4E3D-43F5-A8A8-AA1FB7F48452}"
EndProject
Project("{FAE04EC0-301F-11D3-BF4B-00C04F79EFBC}") = "org.kbinani.vsq", "org.kbinani.vsq\org.kbinani.vsq.csproj", "{673347F3-6FC2-4F82-9273-BF158E0F8CB1}"
EndProject
Project("{FAE04EC0-301F-11D3-BF4B-00C04F79EFBC}") = "org.kbinani", "org.kbinani\org.kbinani.csproj", "{C8AAE632-9C6C-4372-8175-811528A66742}"
EndProject
Project("{FAE04EC0-301F-11D3-BF4B-00C04F79EFBC}") = "CheckSinger", "CheckSinger\CheckSinger.csproj", "{711503AA-C2FE-43BD-A09F-C6BB655CC8EC}"
EndProject
Project("{FAE04EC0-301F-11D3-BF4B-00C04F79EFBC}") = "TestUtauScript", "TestUtauScript\TestUtauScript.csproj", "{EE49D4AF-12EB-42C8-AE1A-82608C1DBBFA}"
EndProject
Project("{FAE04EC0-301F-11D3-BF4B-00C04F79EFBC}") = "org.kbinani.windows.forms", "org.kbinani.windows.forms\org.kbinani.windows.forms.csproj", "{B9481E3B-6842-4AB3-8ED4-29C86C2579A3}"
EndProject
Project("{FAE04EC0-301F-11D3-BF4B-00C04F79EFBC}") = "org.kbinani.componentmodel", "org.kbinani.componentmodel\org.kbinani.componentmodel.csproj", "{D4F87D2E-CAAF-4DEE-AB43-BE151B410931}"
EndProject
Project("{FAE04EC0-301F-11D3-BF4B-00C04F79EFBC}") = "org.kbinani.xml", "org.kbinani.xml\org.kbinani.xml.csproj", "{23C7549D-A0FD-402A-8470-95DB4BE6081C}"
EndProject
Project("{FAE04EC0-301F-11D3-BF4B-00C04F79EFBC}") = "Test", "Test\Test.csproj", "{CF8C6024-0AA7-4A3C-B519-17F18AE57D38}"
EndProject
Project("{FAE04EC0-301F-11D3-BF4B-00C04F79EFBC}") = "Cadencii", "Cadencii\Cadencii.csproj", "{A97A6445-5A48-4CEC-A7CE-05B10126CA2A}"
EndProject
Global
	GlobalSection(SolutionConfigurationPlatforms) = preSolution
		Debug|Any CPU = Debug|Any CPU
		Debug|Mixed Platforms = Debug|Mixed Platforms
		Debug|x86 = Debug|x86
		DebugMinimal|Any CPU = DebugMinimal|Any CPU
		DebugMinimal|Mixed Platforms = DebugMinimal|Mixed Platforms
		DebugMinimal|x86 = DebugMinimal|x86
		Release|Any CPU = Release|Any CPU
		Release|Mixed Platforms = Release|Mixed Platforms
		Release|x86 = Release|x86
		ReleaseMinimal|Any CPU = ReleaseMinimal|Any CPU
		ReleaseMinimal|Mixed Platforms = ReleaseMinimal|Mixed Platforms
		ReleaseMinimal|x86 = ReleaseMinimal|x86
	EndGlobalSection
	GlobalSection(ProjectConfigurationPlatforms) = postSolution
		{D9E9BE68-1790-4DBE-B556-44057B6B6AB7}.Debug|Any CPU.ActiveCfg = Debug|x86
		{D9E9BE68-1790-4DBE-B556-44057B6B6AB7}.Debug|Mixed Platforms.ActiveCfg = Debug|x86
		{D9E9BE68-1790-4DBE-B556-44057B6B6AB7}.Debug|Mixed Platforms.Build.0 = Debug|x86
		{D9E9BE68-1790-4DBE-B556-44057B6B6AB7}.Debug|x86.ActiveCfg = Debug|x86
		{D9E9BE68-1790-4DBE-B556-44057B6B6AB7}.Debug|x86.Build.0 = Debug|x86
		{D9E9BE68-1790-4DBE-B556-44057B6B6AB7}.DebugMinimal|Any CPU.ActiveCfg = DebugMinimal|x86
		{D9E9BE68-1790-4DBE-B556-44057B6B6AB7}.DebugMinimal|Mixed Platforms.ActiveCfg = DebugMinimal|x86
		{D9E9BE68-1790-4DBE-B556-44057B6B6AB7}.DebugMinimal|Mixed Platforms.Build.0 = DebugMinimal|x86
		{D9E9BE68-1790-4DBE-B556-44057B6B6AB7}.DebugMinimal|x86.ActiveCfg = DebugMinimal|x86
		{D9E9BE68-1790-4DBE-B556-44057B6B6AB7}.DebugMinimal|x86.Build.0 = DebugMinimal|x86
		{D9E9BE68-1790-4DBE-B556-44057B6B6AB7}.Release|Any CPU.ActiveCfg = Release|x86
		{D9E9BE68-1790-4DBE-B556-44057B6B6AB7}.Release|Mixed Platforms.ActiveCfg = Release|x86
		{D9E9BE68-1790-4DBE-B556-44057B6B6AB7}.Release|Mixed Platforms.Build.0 = Release|x86
		{D9E9BE68-1790-4DBE-B556-44057B6B6AB7}.Release|x86.ActiveCfg = Release|x86
		{D9E9BE68-1790-4DBE-B556-44057B6B6AB7}.Release|x86.Build.0 = Release|x86
		{D9E9BE68-1790-4DBE-B556-44057B6B6AB7}.ReleaseMinimal|Any CPU.ActiveCfg = ReleaseMinimal|x86
		{D9E9BE68-1790-4DBE-B556-44057B6B6AB7}.ReleaseMinimal|Mixed Platforms.ActiveCfg = ReleaseMinimal|x86
		{D9E9BE68-1790-4DBE-B556-44057B6B6AB7}.ReleaseMinimal|Mixed Platforms.Build.0 = ReleaseMinimal|x86
		{D9E9BE68-1790-4DBE-B556-44057B6B6AB7}.ReleaseMinimal|x86.ActiveCfg = ReleaseMinimal|x86
		{D9E9BE68-1790-4DBE-B556-44057B6B6AB7}.ReleaseMinimal|x86.Build.0 = ReleaseMinimal|x86
		{0C58B068-272F-4390-A14F-3D72AFCF3DFB}.Debug|Any CPU.ActiveCfg = Debug|x86
		{0C58B068-272F-4390-A14F-3D72AFCF3DFB}.Debug|Mixed Platforms.ActiveCfg = Debug|x86
		{0C58B068-272F-4390-A14F-3D72AFCF3DFB}.Debug|Mixed Platforms.Build.0 = Debug|x86
		{0C58B068-272F-4390-A14F-3D72AFCF3DFB}.Debug|x86.ActiveCfg = Debug|x86
		{0C58B068-272F-4390-A14F-3D72AFCF3DFB}.Debug|x86.Build.0 = Debug|x86
		{0C58B068-272F-4390-A14F-3D72AFCF3DFB}.DebugMinimal|Any CPU.ActiveCfg = DebugMinimal|x86
		{0C58B068-272F-4390-A14F-3D72AFCF3DFB}.DebugMinimal|Mixed Platforms.ActiveCfg = DebugMinimal|x86
		{0C58B068-272F-4390-A14F-3D72AFCF3DFB}.DebugMinimal|Mixed Platforms.Build.0 = DebugMinimal|x86
		{0C58B068-272F-4390-A14F-3D72AFCF3DFB}.DebugMinimal|x86.ActiveCfg = DebugMinimal|x86
		{0C58B068-272F-4390-A14F-3D72AFCF3DFB}.DebugMinimal|x86.Build.0 = DebugMinimal|x86
		{0C58B068-272F-4390-A14F-3D72AFCF3DFB}.Release|Any CPU.ActiveCfg = Release|x86
		{0C58B068-272F-4390-A14F-3D72AFCF3DFB}.Release|Mixed Platforms.ActiveCfg = Release|x86
		{0C58B068-272F-4390-A14F-3D72AFCF3DFB}.Release|Mixed Platforms.Build.0 = Release|x86
		{0C58B068-272F-4390-A14F-3D72AFCF3DFB}.Release|x86.ActiveCfg = Release|x86
		{0C58B068-272F-4390-A14F-3D72AFCF3DFB}.Release|x86.Build.0 = Release|x86
		{0C58B068-272F-4390-A14F-3D72AFCF3DFB}.ReleaseMinimal|Any CPU.ActiveCfg = ReleaseMinimal|x86
		{0C58B068-272F-4390-A14F-3D72AFCF3DFB}.ReleaseMinimal|Mixed Platforms.ActiveCfg = ReleaseMinimal|x86
		{0C58B068-272F-4390-A14F-3D72AFCF3DFB}.ReleaseMinimal|Mixed Platforms.Build.0 = ReleaseMinimal|x86
		{0C58B068-272F-4390-A14F-3D72AFCF3DFB}.ReleaseMinimal|x86.ActiveCfg = ReleaseMinimal|x86
		{0C58B068-272F-4390-A14F-3D72AFCF3DFB}.ReleaseMinimal|x86.Build.0 = ReleaseMinimal|x86
		{F4F8F601-4E3D-43F5-A8A8-AA1FB7F48452}.Debug|Any CPU.ActiveCfg = Debug|x86
		{F4F8F601-4E3D-43F5-A8A8-AA1FB7F48452}.Debug|Mixed Platforms.ActiveCfg = Debug|x86
		{F4F8F601-4E3D-43F5-A8A8-AA1FB7F48452}.Debug|Mixed Platforms.Build.0 = Debug|x86
		{F4F8F601-4E3D-43F5-A8A8-AA1FB7F48452}.Debug|x86.ActiveCfg = Debug|x86
		{F4F8F601-4E3D-43F5-A8A8-AA1FB7F48452}.Debug|x86.Build.0 = Debug|x86
		{F4F8F601-4E3D-43F5-A8A8-AA1FB7F48452}.DebugMinimal|Any CPU.ActiveCfg = DebugMinimal|x86
		{F4F8F601-4E3D-43F5-A8A8-AA1FB7F48452}.DebugMinimal|Mixed Platforms.ActiveCfg = DebugMinimal|x86
		{F4F8F601-4E3D-43F5-A8A8-AA1FB7F48452}.DebugMinimal|Mixed Platforms.Build.0 = DebugMinimal|x86
		{F4F8F601-4E3D-43F5-A8A8-AA1FB7F48452}.DebugMinimal|x86.ActiveCfg = DebugMinimal|x86
		{F4F8F601-4E3D-43F5-A8A8-AA1FB7F48452}.DebugMinimal|x86.Build.0 = DebugMinimal|x86
		{F4F8F601-4E3D-43F5-A8A8-AA1FB7F48452}.Release|Any CPU.ActiveCfg = Release|x86
		{F4F8F601-4E3D-43F5-A8A8-AA1FB7F48452}.Release|Mixed Platforms.ActiveCfg = Release|x86
		{F4F8F601-4E3D-43F5-A8A8-AA1FB7F48452}.Release|Mixed Platforms.Build.0 = Release|x86
		{F4F8F601-4E3D-43F5-A8A8-AA1FB7F48452}.Release|x86.ActiveCfg = Release|x86
		{F4F8F601-4E3D-43F5-A8A8-AA1FB7F48452}.Release|x86.Build.0 = Release|x86
		{F4F8F601-4E3D-43F5-A8A8-AA1FB7F48452}.ReleaseMinimal|Any CPU.ActiveCfg = ReleaseMinimal|x86
		{F4F8F601-4E3D-43F5-A8A8-AA1FB7F48452}.ReleaseMinimal|Mixed Platforms.ActiveCfg = ReleaseMinimal|x86
		{F4F8F601-4E3D-43F5-A8A8-AA1FB7F48452}.ReleaseMinimal|Mixed Platforms.Build.0 = ReleaseMinimal|x86
		{F4F8F601-4E3D-43F5-A8A8-AA1FB7F48452}.ReleaseMinimal|x86.ActiveCfg = ReleaseMinimal|x86
		{F4F8F601-4E3D-43F5-A8A8-AA1FB7F48452}.ReleaseMinimal|x86.Build.0 = ReleaseMinimal|x86
		{673347F3-6FC2-4F82-9273-BF158E0F8CB1}.Debug|Any CPU.ActiveCfg = Debug|x86
		{673347F3-6FC2-4F82-9273-BF158E0F8CB1}.Debug|Mixed Platforms.ActiveCfg = Debug|x86
		{673347F3-6FC2-4F82-9273-BF158E0F8CB1}.Debug|Mixed Platforms.Build.0 = Debug|x86
		{673347F3-6FC2-4F82-9273-BF158E0F8CB1}.Debug|x86.ActiveCfg = Debug|x86
		{673347F3-6FC2-4F82-9273-BF158E0F8CB1}.Debug|x86.Build.0 = Debug|x86
		{673347F3-6FC2-4F82-9273-BF158E0F8CB1}.DebugMinimal|Any CPU.ActiveCfg = DebugMinimal|x86
		{673347F3-6FC2-4F82-9273-BF158E0F8CB1}.DebugMinimal|Mixed Platforms.ActiveCfg = DebugMinimal|x86
		{673347F3-6FC2-4F82-9273-BF158E0F8CB1}.DebugMinimal|Mixed Platforms.Build.0 = DebugMinimal|x86
		{673347F3-6FC2-4F82-9273-BF158E0F8CB1}.DebugMinimal|x86.ActiveCfg = DebugMinimal|x86
		{673347F3-6FC2-4F82-9273-BF158E0F8CB1}.DebugMinimal|x86.Build.0 = DebugMinimal|x86
		{673347F3-6FC2-4F82-9273-BF158E0F8CB1}.Release|Any CPU.ActiveCfg = Release|x86
		{673347F3-6FC2-4F82-9273-BF158E0F8CB1}.Release|Mixed Platforms.ActiveCfg = Release|x86
		{673347F3-6FC2-4F82-9273-BF158E0F8CB1}.Release|Mixed Platforms.Build.0 = Release|x86
		{673347F3-6FC2-4F82-9273-BF158E0F8CB1}.Release|x86.ActiveCfg = Release|x86
		{673347F3-6FC2-4F82-9273-BF158E0F8CB1}.Release|x86.Build.0 = Release|x86
		{673347F3-6FC2-4F82-9273-BF158E0F8CB1}.ReleaseMinimal|Any CPU.ActiveCfg = ReleaseMinimal|x86
		{673347F3-6FC2-4F82-9273-BF158E0F8CB1}.ReleaseMinimal|Mixed Platforms.ActiveCfg = ReleaseMinimal|x86
		{673347F3-6FC2-4F82-9273-BF158E0F8CB1}.ReleaseMinimal|Mixed Platforms.Build.0 = ReleaseMinimal|x86
		{673347F3-6FC2-4F82-9273-BF158E0F8CB1}.ReleaseMinimal|x86.ActiveCfg = ReleaseMinimal|x86
		{673347F3-6FC2-4F82-9273-BF158E0F8CB1}.ReleaseMinimal|x86.Build.0 = ReleaseMinimal|x86
		{C8AAE632-9C6C-4372-8175-811528A66742}.Debug|Any CPU.ActiveCfg = Debug|x86
		{C8AAE632-9C6C-4372-8175-811528A66742}.Debug|Mixed Platforms.ActiveCfg = Debug|x86
		{C8AAE632-9C6C-4372-8175-811528A66742}.Debug|Mixed Platforms.Build.0 = Debug|x86
		{C8AAE632-9C6C-4372-8175-811528A66742}.Debug|x86.ActiveCfg = Debug|x86
		{C8AAE632-9C6C-4372-8175-811528A66742}.Debug|x86.Build.0 = Debug|x86
		{C8AAE632-9C6C-4372-8175-811528A66742}.DebugMinimal|Any CPU.ActiveCfg = DebugMinimal|x86
		{C8AAE632-9C6C-4372-8175-811528A66742}.DebugMinimal|Mixed Platforms.ActiveCfg = DebugMinimal|x86
		{C8AAE632-9C6C-4372-8175-811528A66742}.DebugMinimal|Mixed Platforms.Build.0 = DebugMinimal|x86
		{C8AAE632-9C6C-4372-8175-811528A66742}.DebugMinimal|x86.ActiveCfg = DebugMinimal|x86
		{C8AAE632-9C6C-4372-8175-811528A66742}.DebugMinimal|x86.Build.0 = DebugMinimal|x86
		{C8AAE632-9C6C-4372-8175-811528A66742}.Release|Any CPU.ActiveCfg = Release|x86
		{C8AAE632-9C6C-4372-8175-811528A66742}.Release|Mixed Platforms.ActiveCfg = Release|x86
		{C8AAE632-9C6C-4372-8175-811528A66742}.Release|Mixed Platforms.Build.0 = Release|x86
		{C8AAE632-9C6C-4372-8175-811528A66742}.Release|x86.ActiveCfg = Release|x86
		{C8AAE632-9C6C-4372-8175-811528A66742}.Release|x86.Build.0 = Release|x86
		{C8AAE632-9C6C-4372-8175-811528A66742}.ReleaseMinimal|Any CPU.ActiveCfg = ReleaseMinimal|x86
		{C8AAE632-9C6C-4372-8175-811528A66742}.ReleaseMinimal|Mixed Platforms.ActiveCfg = ReleaseMinimal|x86
		{C8AAE632-9C6C-4372-8175-811528A66742}.ReleaseMinimal|Mixed Platforms.Build.0 = ReleaseMinimal|x86
		{C8AAE632-9C6C-4372-8175-811528A66742}.ReleaseMinimal|x86.ActiveCfg = ReleaseMinimal|x86
		{C8AAE632-9C6C-4372-8175-811528A66742}.ReleaseMinimal|x86.Build.0 = ReleaseMinimal|x86
		{711503AA-C2FE-43BD-A09F-C6BB655CC8EC}.Debug|Any CPU.ActiveCfg = Debug|x86
		{711503AA-C2FE-43BD-A09F-C6BB655CC8EC}.Debug|Mixed Platforms.ActiveCfg = Debug|x86
		{711503AA-C2FE-43BD-A09F-C6BB655CC8EC}.Debug|Mixed Platforms.Build.0 = Debug|x86
		{711503AA-C2FE-43BD-A09F-C6BB655CC8EC}.Debug|x86.ActiveCfg = Debug|x86
		{711503AA-C2FE-43BD-A09F-C6BB655CC8EC}.Debug|x86.Build.0 = Debug|x86
		{711503AA-C2FE-43BD-A09F-C6BB655CC8EC}.DebugMinimal|Any CPU.ActiveCfg = Debug|x86
		{711503AA-C2FE-43BD-A09F-C6BB655CC8EC}.DebugMinimal|Mixed Platforms.ActiveCfg = Debug|x86
		{711503AA-C2FE-43BD-A09F-C6BB655CC8EC}.DebugMinimal|Mixed Platforms.Build.0 = Debug|x86
		{711503AA-C2FE-43BD-A09F-C6BB655CC8EC}.DebugMinimal|x86.ActiveCfg = Debug|x86
		{711503AA-C2FE-43BD-A09F-C6BB655CC8EC}.Release|Any CPU.ActiveCfg = Release|x86
		{711503AA-C2FE-43BD-A09F-C6BB655CC8EC}.Release|Mixed Platforms.ActiveCfg = Release|x86
		{711503AA-C2FE-43BD-A09F-C6BB655CC8EC}.Release|Mixed Platforms.Build.0 = Release|x86
		{711503AA-C2FE-43BD-A09F-C6BB655CC8EC}.Release|x86.ActiveCfg = Release|x86
		{711503AA-C2FE-43BD-A09F-C6BB655CC8EC}.Release|x86.Build.0 = Release|x86
		{711503AA-C2FE-43BD-A09F-C6BB655CC8EC}.ReleaseMinimal|Any CPU.ActiveCfg = Release|x86
		{711503AA-C2FE-43BD-A09F-C6BB655CC8EC}.ReleaseMinimal|Mixed Platforms.ActiveCfg = Release|x86
		{711503AA-C2FE-43BD-A09F-C6BB655CC8EC}.ReleaseMinimal|Mixed Platforms.Build.0 = Release|x86
		{711503AA-C2FE-43BD-A09F-C6BB655CC8EC}.ReleaseMinimal|x86.ActiveCfg = Release|x86
		{EE49D4AF-12EB-42C8-AE1A-82608C1DBBFA}.Debug|Any CPU.ActiveCfg = Debug|x86
		{EE49D4AF-12EB-42C8-AE1A-82608C1DBBFA}.Debug|Mixed Platforms.ActiveCfg = Debug|x86
		{EE49D4AF-12EB-42C8-AE1A-82608C1DBBFA}.Debug|Mixed Platforms.Build.0 = Debug|x86
		{EE49D4AF-12EB-42C8-AE1A-82608C1DBBFA}.Debug|x86.ActiveCfg = Debug|x86
		{EE49D4AF-12EB-42C8-AE1A-82608C1DBBFA}.DebugMinimal|Any CPU.ActiveCfg = Debug|x86
		{EE49D4AF-12EB-42C8-AE1A-82608C1DBBFA}.DebugMinimal|Mixed Platforms.ActiveCfg = Debug|x86
		{EE49D4AF-12EB-42C8-AE1A-82608C1DBBFA}.DebugMinimal|Mixed Platforms.Build.0 = Debug|x86
		{EE49D4AF-12EB-42C8-AE1A-82608C1DBBFA}.DebugMinimal|x86.ActiveCfg = Debug|x86
		{EE49D4AF-12EB-42C8-AE1A-82608C1DBBFA}.DebugMinimal|x86.Build.0 = Debug|x86
		{EE49D4AF-12EB-42C8-AE1A-82608C1DBBFA}.Release|Any CPU.ActiveCfg = Release|x86
		{EE49D4AF-12EB-42C8-AE1A-82608C1DBBFA}.Release|Mixed Platforms.ActiveCfg = Release|x86
		{EE49D4AF-12EB-42C8-AE1A-82608C1DBBFA}.Release|Mixed Platforms.Build.0 = Release|x86
		{EE49D4AF-12EB-42C8-AE1A-82608C1DBBFA}.Release|x86.ActiveCfg = Release|x86
		{EE49D4AF-12EB-42C8-AE1A-82608C1DBBFA}.Release|x86.Build.0 = Release|x86
		{EE49D4AF-12EB-42C8-AE1A-82608C1DBBFA}.ReleaseMinimal|Any CPU.ActiveCfg = Release|x86
		{EE49D4AF-12EB-42C8-AE1A-82608C1DBBFA}.ReleaseMinimal|Mixed Platforms.ActiveCfg = Release|x86
		{EE49D4AF-12EB-42C8-AE1A-82608C1DBBFA}.ReleaseMinimal|Mixed Platforms.Build.0 = Release|x86
		{EE49D4AF-12EB-42C8-AE1A-82608C1DBBFA}.ReleaseMinimal|x86.ActiveCfg = Release|x86
		{EE49D4AF-12EB-42C8-AE1A-82608C1DBBFA}.ReleaseMinimal|x86.Build.0 = Release|x86
		{B9481E3B-6842-4AB3-8ED4-29C86C2579A3}.Debug|Any CPU.ActiveCfg = Debug|x86
		{B9481E3B-6842-4AB3-8ED4-29C86C2579A3}.Debug|Mixed Platforms.ActiveCfg = Debug|x86
		{B9481E3B-6842-4AB3-8ED4-29C86C2579A3}.Debug|Mixed Platforms.Build.0 = Debug|x86
		{B9481E3B-6842-4AB3-8ED4-29C86C2579A3}.Debug|x86.ActiveCfg = Debug|x86
		{B9481E3B-6842-4AB3-8ED4-29C86C2579A3}.Debug|x86.Build.0 = Debug|x86
		{B9481E3B-6842-4AB3-8ED4-29C86C2579A3}.DebugMinimal|Any CPU.ActiveCfg = Debug|x86
		{B9481E3B-6842-4AB3-8ED4-29C86C2579A3}.DebugMinimal|Mixed Platforms.ActiveCfg = Debug|x86
		{B9481E3B-6842-4AB3-8ED4-29C86C2579A3}.DebugMinimal|Mixed Platforms.Build.0 = Debug|x86
		{B9481E3B-6842-4AB3-8ED4-29C86C2579A3}.DebugMinimal|x86.ActiveCfg = Debug|x86
		{B9481E3B-6842-4AB3-8ED4-29C86C2579A3}.DebugMinimal|x86.Build.0 = Debug|x86
		{B9481E3B-6842-4AB3-8ED4-29C86C2579A3}.Release|Any CPU.ActiveCfg = Release|x86
		{B9481E3B-6842-4AB3-8ED4-29C86C2579A3}.Release|Mixed Platforms.ActiveCfg = Release|x86
		{B9481E3B-6842-4AB3-8ED4-29C86C2579A3}.Release|Mixed Platforms.Build.0 = Release|x86
		{B9481E3B-6842-4AB3-8ED4-29C86C2579A3}.Release|x86.ActiveCfg = Release|x86
		{B9481E3B-6842-4AB3-8ED4-29C86C2579A3}.Release|x86.Build.0 = Release|x86
		{B9481E3B-6842-4AB3-8ED4-29C86C2579A3}.ReleaseMinimal|Any CPU.ActiveCfg = Release|x86
		{B9481E3B-6842-4AB3-8ED4-29C86C2579A3}.ReleaseMinimal|Mixed Platforms.ActiveCfg = Release|x86
		{B9481E3B-6842-4AB3-8ED4-29C86C2579A3}.ReleaseMinimal|Mixed Platforms.Build.0 = Release|x86
		{B9481E3B-6842-4AB3-8ED4-29C86C2579A3}.ReleaseMinimal|x86.ActiveCfg = Release|x86
		{B9481E3B-6842-4AB3-8ED4-29C86C2579A3}.ReleaseMinimal|x86.Build.0 = Release|x86
		{D4F87D2E-CAAF-4DEE-AB43-BE151B410931}.Debug|Any CPU.ActiveCfg = Debug|x86
		{D4F87D2E-CAAF-4DEE-AB43-BE151B410931}.Debug|Mixed Platforms.ActiveCfg = Debug|x86
		{D4F87D2E-CAAF-4DEE-AB43-BE151B410931}.Debug|Mixed Platforms.Build.0 = Debug|x86
		{D4F87D2E-CAAF-4DEE-AB43-BE151B410931}.Debug|x86.ActiveCfg = Debug|x86
		{D4F87D2E-CAAF-4DEE-AB43-BE151B410931}.Debug|x86.Build.0 = Debug|x86
		{D4F87D2E-CAAF-4DEE-AB43-BE151B410931}.DebugMinimal|Any CPU.ActiveCfg = Debug|x86
		{D4F87D2E-CAAF-4DEE-AB43-BE151B410931}.DebugMinimal|Mixed Platforms.ActiveCfg = Debug|x86
		{D4F87D2E-CAAF-4DEE-AB43-BE151B410931}.DebugMinimal|Mixed Platforms.Build.0 = Debug|x86
		{D4F87D2E-CAAF-4DEE-AB43-BE151B410931}.DebugMinimal|x86.ActiveCfg = Debug|x86
		{D4F87D2E-CAAF-4DEE-AB43-BE151B410931}.DebugMinimal|x86.Build.0 = Debug|x86
		{D4F87D2E-CAAF-4DEE-AB43-BE151B410931}.Release|Any CPU.ActiveCfg = Release|x86
		{D4F87D2E-CAAF-4DEE-AB43-BE151B410931}.Release|Mixed Platforms.ActiveCfg = Release|x86
		{D4F87D2E-CAAF-4DEE-AB43-BE151B410931}.Release|Mixed Platforms.Build.0 = Release|x86
		{D4F87D2E-CAAF-4DEE-AB43-BE151B410931}.Release|x86.ActiveCfg = Release|x86
		{D4F87D2E-CAAF-4DEE-AB43-BE151B410931}.Release|x86.Build.0 = Release|x86
		{D4F87D2E-CAAF-4DEE-AB43-BE151B410931}.ReleaseMinimal|Any CPU.ActiveCfg = Release|x86
		{D4F87D2E-CAAF-4DEE-AB43-BE151B410931}.ReleaseMinimal|Mixed Platforms.ActiveCfg = Release|x86
		{D4F87D2E-CAAF-4DEE-AB43-BE151B410931}.ReleaseMinimal|Mixed Platforms.Build.0 = Release|x86
		{D4F87D2E-CAAF-4DEE-AB43-BE151B410931}.ReleaseMinimal|x86.ActiveCfg = Release|x86
		{D4F87D2E-CAAF-4DEE-AB43-BE151B410931}.ReleaseMinimal|x86.Build.0 = Release|x86
		{23C7549D-A0FD-402A-8470-95DB4BE6081C}.Debug|Any CPU.ActiveCfg = Debug|x86
		{23C7549D-A0FD-402A-8470-95DB4BE6081C}.Debug|Mixed Platforms.ActiveCfg = Debug|x86
		{23C7549D-A0FD-402A-8470-95DB4BE6081C}.Debug|Mixed Platforms.Build.0 = Debug|x86
		{23C7549D-A0FD-402A-8470-95DB4BE6081C}.Debug|x86.ActiveCfg = Debug|x86
		{23C7549D-A0FD-402A-8470-95DB4BE6081C}.Debug|x86.Build.0 = Debug|x86
		{23C7549D-A0FD-402A-8470-95DB4BE6081C}.DebugMinimal|Any CPU.ActiveCfg = Debug|x86
		{23C7549D-A0FD-402A-8470-95DB4BE6081C}.DebugMinimal|Mixed Platforms.ActiveCfg = Debug|x86
		{23C7549D-A0FD-402A-8470-95DB4BE6081C}.DebugMinimal|Mixed Platforms.Build.0 = Debug|x86
		{23C7549D-A0FD-402A-8470-95DB4BE6081C}.DebugMinimal|x86.ActiveCfg = Debug|x86
		{23C7549D-A0FD-402A-8470-95DB4BE6081C}.DebugMinimal|x86.Build.0 = Debug|x86
		{23C7549D-A0FD-402A-8470-95DB4BE6081C}.Release|Any CPU.ActiveCfg = Release|x86
		{23C7549D-A0FD-402A-8470-95DB4BE6081C}.Release|Mixed Platforms.ActiveCfg = Release|x86
		{23C7549D-A0FD-402A-8470-95DB4BE6081C}.Release|Mixed Platforms.Build.0 = Release|x86
		{23C7549D-A0FD-402A-8470-95DB4BE6081C}.Release|x86.ActiveCfg = Release|x86
		{23C7549D-A0FD-402A-8470-95DB4BE6081C}.Release|x86.Build.0 = Release|x86
		{23C7549D-A0FD-402A-8470-95DB4BE6081C}.ReleaseMinimal|Any CPU.ActiveCfg = Release|x86
		{23C7549D-A0FD-402A-8470-95DB4BE6081C}.ReleaseMinimal|Mixed Platforms.ActiveCfg = Release|x86
		{23C7549D-A0FD-402A-8470-95DB4BE6081C}.ReleaseMinimal|Mixed Platforms.Build.0 = Release|x86
		{23C7549D-A0FD-402A-8470-95DB4BE6081C}.ReleaseMinimal|x86.ActiveCfg = Release|x86
		{23C7549D-A0FD-402A-8470-95DB4BE6081C}.ReleaseMinimal|x86.Build.0 = Release|x86
		{CF8C6024-0AA7-4A3C-B519-17F18AE57D38}.Debug|Any CPU.ActiveCfg = Debug|Any CPU
		{CF8C6024-0AA7-4A3C-B519-17F18AE57D38}.Debug|Any CPU.Build.0 = Debug|Any CPU
		{CF8C6024-0AA7-4A3C-B519-17F18AE57D38}.Debug|Mixed Platforms.ActiveCfg = Debug|Any CPU
		{CF8C6024-0AA7-4A3C-B519-17F18AE57D38}.Debug|Mixed Platforms.Build.0 = Debug|Any CPU
		{CF8C6024-0AA7-4A3C-B519-17F18AE57D38}.Debug|x86.ActiveCfg = Debug|Any CPU
		{CF8C6024-0AA7-4A3C-B519-17F18AE57D38}.DebugMinimal|Any CPU.ActiveCfg = Debug|Any CPU
		{CF8C6024-0AA7-4A3C-B519-17F18AE57D38}.DebugMinimal|Any CPU.Build.0 = Debug|Any CPU
		{CF8C6024-0AA7-4A3C-B519-17F18AE57D38}.DebugMinimal|Mixed Platforms.ActiveCfg = Debug|Any CPU
		{CF8C6024-0AA7-4A3C-B519-17F18AE57D38}.DebugMinimal|Mixed Platforms.Build.0 = Debug|Any CPU
		{CF8C6024-0AA7-4A3C-B519-17F18AE57D38}.DebugMinimal|x86.ActiveCfg = Debug|Any CPU
		{CF8C6024-0AA7-4A3C-B519-17F18AE57D38}.Release|Any CPU.ActiveCfg = Release|Any CPU
		{CF8C6024-0AA7-4A3C-B519-17F18AE57D38}.Release|Any CPU.Build.0 = Release|Any CPU
		{CF8C6024-0AA7-4A3C-B519-17F18AE57D38}.Release|Mixed Platforms.ActiveCfg = Release|Any CPU
		{CF8C6024-0AA7-4A3C-B519-17F18AE57D38}.Release|Mixed Platforms.Build.0 = Release|Any CPU
		{CF8C6024-0AA7-4A3C-B519-17F18AE57D38}.Release|x86.ActiveCfg = Release|Any CPU
		{CF8C6024-0AA7-4A3C-B519-17F18AE57D38}.ReleaseMinimal|Any CPU.ActiveCfg = Release|Any CPU
		{CF8C6024-0AA7-4A3C-B519-17F18AE57D38}.ReleaseMinimal|Any CPU.Build.0 = Release|Any CPU
		{CF8C6024-0AA7-4A3C-B519-17F18AE57D38}.ReleaseMinimal|Mixed Platforms.ActiveCfg = Release|Any CPU
		{CF8C6024-0AA7-4A3C-B519-17F18AE57D38}.ReleaseMinimal|Mixed Platforms.Build.0 = Release|Any CPU
		{CF8C6024-0AA7-4A3C-B519-17F18AE57D38}.ReleaseMinimal|x86.ActiveCfg = Release|Any CPU
		{A97A6445-5A48-4CEC-A7CE-05B10126CA2A}.Debug|Any CPU.ActiveCfg = Debug|x86
		{A97A6445-5A48-4CEC-A7CE-05B10126CA2A}.Debug|Mixed Platforms.ActiveCfg = Debug|x86
		{A97A6445-5A48-4CEC-A7CE-05B10126CA2A}.Debug|Mixed Platforms.Build.0 = Debug|x86
		{A97A6445-5A48-4CEC-A7CE-05B10126CA2A}.Debug|x86.ActiveCfg = Debug|x86
		{A97A6445-5A48-4CEC-A7CE-05B10126CA2A}.Debug|x86.Build.0 = Debug|x86
		{A97A6445-5A48-4CEC-A7CE-05B10126CA2A}.DebugMinimal|Any CPU.ActiveCfg = DebugMinimal|x86
		{A97A6445-5A48-4CEC-A7CE-05B10126CA2A}.DebugMinimal|Mixed Platforms.ActiveCfg = DebugMinimal|x86
		{A97A6445-5A48-4CEC-A7CE-05B10126CA2A}.DebugMinimal|Mixed Platforms.Build.0 = DebugMinimal|x86
		{A97A6445-5A48-4CEC-A7CE-05B10126CA2A}.DebugMinimal|x86.ActiveCfg = DebugMinimal|x86
		{A97A6445-5A48-4CEC-A7CE-05B10126CA2A}.DebugMinimal|x86.Build.0 = DebugMinimal|x86
		{A97A6445-5A48-4CEC-A7CE-05B10126CA2A}.Release|Any CPU.ActiveCfg = Release|x86
		{A97A6445-5A48-4CEC-A7CE-05B10126CA2A}.Release|Mixed Platforms.ActiveCfg = Release|x86
		{A97A6445-5A48-4CEC-A7CE-05B10126CA2A}.Release|Mixed Platforms.Build.0 = Release|x86
		{A97A6445-5A48-4CEC-A7CE-05B10126CA2A}.Release|x86.ActiveCfg = Release|x86
		{A97A6445-5A48-4CEC-A7CE-05B10126CA2A}.Release|x86.Build.0 = Release|x86
		{A97A6445-5A48-4CEC-A7CE-05B10126CA2A}.ReleaseMinimal|Any CPU.ActiveCfg = ReleaseMinimal|x86
		{A97A6445-5A48-4CEC-A7CE-05B10126CA2A}.ReleaseMinimal|Mixed Platforms.ActiveCfg = ReleaseMinimal|x86
		{A97A6445-5A48-4CEC-A7CE-05B10126CA2A}.ReleaseMinimal|Mixed Platforms.Build.0 = ReleaseMinimal|x86
		{A97A6445-5A48-4CEC-A7CE-05B10126CA2A}.ReleaseMinimal|x86.ActiveCfg = ReleaseMinimal|x86
		{A97A6445-5A48-4CEC-A7CE-05B10126CA2A}.ReleaseMinimal|x86.Build.0 = ReleaseMinimal|x86
	EndGlobalSection
	GlobalSection(SolutionProperties) = preSolution
		HideSolutionNode = FALSE
	EndGlobalSection
EndGlobal
