Microsoft Visual Studio Solution File, Format Version 10.00
# Visual C# Express 2008
Project("{FAE04EC0-301F-11D3-BF4B-00C04F79EFBC}") = "RebarDotNet", "RebarDotNet.csproj", "{2323ABD0-509B-4180-BC31-7BD57053CE86}"
EndProject
Project("{FAE04EC0-301F-11D3-BF4B-00C04F79EFBC}") = "WindowsUtilities", "..\WindowsUtilities\WindowsUtilities.csproj", "{A1D7AF7F-6F76-4289-8142-282BCAC53BAC}"
EndProject
Global
	GlobalSection(SolutionConfigurationPlatforms) = preSolution
		Debug|Any CPU = Debug|Any CPU
		Release|Any CPU = Release|Any CPU
	EndGlobalSection
	GlobalSection(ProjectConfigurationPlatforms) = postSolution
		{2323ABD0-509B-4180-BC31-7BD57053CE86}.Debug|Any CPU.ActiveCfg = Debug|Any CPU
		{2323ABD0-509B-4180-BC31-7BD57053CE86}.Debug|Any CPU.Build.0 = Debug|Any CPU
		{2323ABD0-509B-4180-BC31-7BD57053CE86}.Release|Any CPU.ActiveCfg = Release|Any CPU
		{2323ABD0-509B-4180-BC31-7BD57053CE86}.Release|Any CPU.Build.0 = Release|Any CPU
		{A1D7AF7F-6F76-4289-8142-282BCAC53BAC}.Debug|Any CPU.ActiveCfg = Debug|Any CPU
		{A1D7AF7F-6F76-4289-8142-282BCAC53BAC}.Debug|Any CPU.Build.0 = Debug|Any CPU
		{A1D7AF7F-6F76-4289-8142-282BCAC53BAC}.Release|Any CPU.ActiveCfg = Release|Any CPU
		{A1D7AF7F-6F76-4289-8142-282BCAC53BAC}.Release|Any CPU.Build.0 = Release|Any CPU
	EndGlobalSection
	GlobalSection(SolutionProperties) = preSolution
		HideSolutionNode = FALSE
	EndGlobalSection
EndGlobal
