
Microsoft Visual Studio Solution File, Format Version 11.00
# Visual C++ Express 2010
Project("{8BC9CEB8-8B4A-11D0-8D11-00A0C91BC942}") = "vocaloidrv", "vocaloidrv\vocaloidrv.vcxproj", "{178C41DA-69F8-4D25-808C-3E82976F16CC}"
EndProject
Project("{8BC9CEB8-8B4A-11D0-8D11-00A0C91BC942}") = "getvocaloidinfo", "getvocaloidinfo\getvocaloidinfo.vcxproj", "{52944DCD-C4E8-44A9-AD6D-812213DC537C}"
EndProject
Global
	GlobalSection(SolutionConfigurationPlatforms) = preSolution
		Debug|Win32 = Debug|Win32
		Release|Win32 = Release|Win32
	EndGlobalSection
	GlobalSection(ProjectConfigurationPlatforms) = postSolution
		{178C41DA-69F8-4D25-808C-3E82976F16CC}.Debug|Win32.ActiveCfg = Debug|Win32
		{178C41DA-69F8-4D25-808C-3E82976F16CC}.Debug|Win32.Build.0 = Debug|Win32
		{178C41DA-69F8-4D25-808C-3E82976F16CC}.Release|Win32.ActiveCfg = Release|Win32
		{178C41DA-69F8-4D25-808C-3E82976F16CC}.Release|Win32.Build.0 = Release|Win32
		{52944DCD-C4E8-44A9-AD6D-812213DC537C}.Debug|Win32.ActiveCfg = Debug|Win32
		{52944DCD-C4E8-44A9-AD6D-812213DC537C}.Debug|Win32.Build.0 = Debug|Win32
		{52944DCD-C4E8-44A9-AD6D-812213DC537C}.Release|Win32.ActiveCfg = Release|Win32
		{52944DCD-C4E8-44A9-AD6D-812213DC537C}.Release|Win32.Build.0 = Release|Win32
	EndGlobalSection
	GlobalSection(SolutionProperties) = preSolution
		HideSolutionNode = FALSE
	EndGlobalSection
EndGlobal
