
Microsoft Visual Studio Solution File, Format Version 10.00
# Visual C++ Express 2008
Project("{8BC9CEB8-8B4A-11D0-8D11-00A0C91BC942}") = "libvsq", "libvsq.vcproj", "{19B6B5B7-6ADD-42D9-9F1E-426417DF4827}"
EndProject
Global
	GlobalSection(SolutionConfigurationPlatforms) = preSolution
		Debug|Win32 = Debug|Win32
		Release|Win32 = Release|Win32
	EndGlobalSection
	GlobalSection(ProjectConfigurationPlatforms) = postSolution
		{19B6B5B7-6ADD-42D9-9F1E-426417DF4827}.Debug|Win32.ActiveCfg = Debug|Win32
		{19B6B5B7-6ADD-42D9-9F1E-426417DF4827}.Debug|Win32.Build.0 = Debug|Win32
		{19B6B5B7-6ADD-42D9-9F1E-426417DF4827}.Release|Win32.ActiveCfg = Release|Win32
		{19B6B5B7-6ADD-42D9-9F1E-426417DF4827}.Release|Win32.Build.0 = Release|Win32
	EndGlobalSection
	GlobalSection(SolutionProperties) = preSolution
		HideSolutionNode = FALSE
	EndGlobalSection
EndGlobal
