
Microsoft Visual Studio Solution File, Format Version 12.00
# Visual Studio Express 2012 for Windows Desktop
Project("{FAE04EC0-301F-11D3-BF4B-00C04F79EFBC}") = "cadencii.apputil", "cadencii.apputil\cadencii.apputil.csproj", "{0C58B068-272F-4390-A14F-3D72AFCF3DFB}"
EndProject
Project("{FAE04EC0-301F-11D3-BF4B-00C04F79EFBC}") = "cadencii.media", "cadencii.media\cadencii.media.csproj", "{F4F8F601-4E3D-43F5-A8A8-AA1FB7F48452}"
	ProjectSection(ProjectDependencies) = postProject
		{21D48CB2-CEDA-45C1-AC85-A8FE84797516} = {21D48CB2-CEDA-45C1-AC85-A8FE84797516}
	EndProjectSection
EndProject
Project("{FAE04EC0-301F-11D3-BF4B-00C04F79EFBC}") = "cadencii.vsq", "cadencii.vsq\cadencii.vsq.csproj", "{673347F3-6FC2-4F82-9273-BF158E0F8CB1}"
EndProject
Project("{FAE04EC0-301F-11D3-BF4B-00C04F79EFBC}") = "cadencii.core", "cadencii.core\cadencii.core.csproj", "{C8AAE632-9C6C-4372-8175-811528A66742}"
EndProject
Project("{FAE04EC0-301F-11D3-BF4B-00C04F79EFBC}") = "cadencii.windows.forms", "cadencii.windows.forms\cadencii.windows.forms.csproj", "{B9481E3B-6842-4AB3-8ED4-29C86C2579A3}"
EndProject
Project("{FAE04EC0-301F-11D3-BF4B-00C04F79EFBC}") = "cadencii.componentmodel", "cadencii.componentmodel\cadencii.componentmodel.csproj", "{D4F87D2E-CAAF-4DEE-AB43-BE151B410931}"
EndProject
Project("{FAE04EC0-301F-11D3-BF4B-00C04F79EFBC}") = "cadencii.xml", "cadencii.xml\cadencii.xml.csproj", "{23C7549D-A0FD-402A-8470-95DB4BE6081C}"
EndProject
Project("{FAE04EC0-301F-11D3-BF4B-00C04F79EFBC}") = "Cadencii", "Cadencii\Cadencii.csproj", "{A97A6445-5A48-4CEC-A7CE-05B10126CA2A}"
	ProjectSection(ProjectDependencies) = postProject
		{3CDB890B-5FCC-4A36-B808-7FB6C571C584} = {3CDB890B-5FCC-4A36-B808-7FB6C571C584}
		{27136176-C542-471B-802F-31BE8096AA3A} = {27136176-C542-471B-802F-31BE8096AA3A}
	EndProjectSection
EndProject
Project("{FAE04EC0-301F-11D3-BF4B-00C04F79EFBC}") = "ScriptImplement", "ScriptImplement\ScriptImplement.csproj", "{A0B35F11-5790-4473-A508-5868FFA67D70}"
	ProjectSection(ProjectDependencies) = postProject
		{04B33E1E-C43A-455C-B864-95DDE6E53C32} = {04B33E1E-C43A-455C-B864-95DDE6E53C32}
	EndProjectSection
EndProject
Project("{FAE04EC0-301F-11D3-BF4B-00C04F79EFBC}") = "GenerateKeySound", "GenerateKeySound\GenerateKeySound.csproj", "{AF5EB52F-11D8-4939-ADCD-90F432A71ECC}"
EndProject
Project("{8BC9CEB8-8B4A-11D0-8D11-00A0C91BC942}") = "cadencii.helper", "cadencii.helper\cadencii.helper.vcxproj", "{5B7732B0-3322-4B24-9ED2-15B2E5D39432}"
EndProject
Project("{FAE04EC0-301F-11D3-BF4B-00C04F79EFBC}") = "CadenciiTest", "..\tests\CadenciiTest\CadenciiTest.csproj", "{7FC4F869-A95B-439E-93A2-01D85E5A8006}"
EndProject
Project("{8BC9CEB8-8B4A-11D0-8D11-00A0C91BC942}") = "cadencii.media.helper", "cadencii.media.helper\cadencii.media.helper.vcxproj", "{21D48CB2-CEDA-45C1-AC85-A8FE84797516}"
EndProject
Project("{FAE04EC0-301F-11D3-BF4B-00C04F79EFBC}") = "GenerateUtauPluginManagerPlugin", "..\utils\GenerateUtauPluginManagerPlugin\GenerateUtauPluginManagerPlugin.csproj", "{04B33E1E-C43A-455C-B864-95DDE6E53C32}"
EndProject
Project("{8BC9CEB8-8B4A-11D0-8D11-00A0C91BC942}") = "vConnect", "vConnect\stand\stand.vcxproj", "{27136176-C542-471B-802F-31BE8096AA3A}"
	ProjectSection(ProjectDependencies) = postProject
		{1704EA01-6B21-4362-9F1F-44D25CF2E0D7} = {1704EA01-6B21-4362-9F1F-44D25CF2E0D7}
		{3A214E06-B95E-4D61-A291-1F8DF2EC10FD} = {3A214E06-B95E-4D61-A291-1F8DF2EC10FD}
		{CEBDE98B-A6AA-46E6-BC79-FAAF823DB9EC} = {CEBDE98B-A6AA-46E6-BC79-FAAF823DB9EC}
		{15CBFEFF-7965-41F5-B4E2-21E8795C9159} = {15CBFEFF-7965-41F5-B4E2-21E8795C9159}
	EndProjectSection
EndProject
Project("{8BC9CEB8-8B4A-11D0-8D11-00A0C91BC942}") = "libogg_static", "vConnect\lib\libogg_static.vcxproj", "{15CBFEFF-7965-41F5-B4E2-21E8795C9159}"
EndProject
Project("{8BC9CEB8-8B4A-11D0-8D11-00A0C91BC942}") = "libvorbis_static", "vConnect\lib\libvorbis_static.vcxproj", "{3A214E06-B95E-4D61-A291-1F8DF2EC10FD}"
EndProject
Project("{8BC9CEB8-8B4A-11D0-8D11-00A0C91BC942}") = "libvorbisfile", "vConnect\lib\libvorbisfile_static.vcxproj", "{CEBDE98B-A6AA-46E6-BC79-FAAF823DB9EC}"
EndProject
Project("{8BC9CEB8-8B4A-11D0-8D11-00A0C91BC942}") = "libiconv", "vConnect\lib\iconv\libiconv\libiconv.vcxproj", "{1704EA01-6B21-4362-9F1F-44D25CF2E0D7}"
EndProject
Project("{FAE04EC0-301F-11D3-BF4B-00C04F79EFBC}") = "vConnectStandDBConvert", "vConnectStandDBConvert\vConnectStandDBConvert.csproj", "{3CDB890B-5FCC-4A36-B808-7FB6C571C584}"
EndProject
Global
	GlobalSection(SolutionConfigurationPlatforms) = preSolution
		Debug|x86 = Debug|x86
		Release|x86 = Release|x86
	EndGlobalSection
	GlobalSection(ProjectConfigurationPlatforms) = postSolution
		{0C58B068-272F-4390-A14F-3D72AFCF3DFB}.Debug|x86.ActiveCfg = Debug|x86
		{0C58B068-272F-4390-A14F-3D72AFCF3DFB}.Debug|x86.Build.0 = Debug|x86
		{0C58B068-272F-4390-A14F-3D72AFCF3DFB}.Release|x86.ActiveCfg = Release|x86
		{0C58B068-272F-4390-A14F-3D72AFCF3DFB}.Release|x86.Build.0 = Release|x86
		{F4F8F601-4E3D-43F5-A8A8-AA1FB7F48452}.Debug|x86.ActiveCfg = Debug|x86
		{F4F8F601-4E3D-43F5-A8A8-AA1FB7F48452}.Debug|x86.Build.0 = Debug|x86
		{F4F8F601-4E3D-43F5-A8A8-AA1FB7F48452}.Release|x86.ActiveCfg = Release|x86
		{F4F8F601-4E3D-43F5-A8A8-AA1FB7F48452}.Release|x86.Build.0 = Release|x86
		{673347F3-6FC2-4F82-9273-BF158E0F8CB1}.Debug|x86.ActiveCfg = Debug|x86
		{673347F3-6FC2-4F82-9273-BF158E0F8CB1}.Debug|x86.Build.0 = Debug|x86
		{673347F3-6FC2-4F82-9273-BF158E0F8CB1}.Release|x86.ActiveCfg = Release|x86
		{673347F3-6FC2-4F82-9273-BF158E0F8CB1}.Release|x86.Build.0 = Release|x86
		{C8AAE632-9C6C-4372-8175-811528A66742}.Debug|x86.ActiveCfg = Debug|x86
		{C8AAE632-9C6C-4372-8175-811528A66742}.Debug|x86.Build.0 = Debug|x86
		{C8AAE632-9C6C-4372-8175-811528A66742}.Release|x86.ActiveCfg = Release|x86
		{C8AAE632-9C6C-4372-8175-811528A66742}.Release|x86.Build.0 = Release|x86
		{B9481E3B-6842-4AB3-8ED4-29C86C2579A3}.Debug|x86.ActiveCfg = Debug|x86
		{B9481E3B-6842-4AB3-8ED4-29C86C2579A3}.Debug|x86.Build.0 = Debug|x86
		{B9481E3B-6842-4AB3-8ED4-29C86C2579A3}.Release|x86.ActiveCfg = Release|x86
		{B9481E3B-6842-4AB3-8ED4-29C86C2579A3}.Release|x86.Build.0 = Release|x86
		{D4F87D2E-CAAF-4DEE-AB43-BE151B410931}.Debug|x86.ActiveCfg = Debug|x86
		{D4F87D2E-CAAF-4DEE-AB43-BE151B410931}.Debug|x86.Build.0 = Debug|x86
		{D4F87D2E-CAAF-4DEE-AB43-BE151B410931}.Release|x86.ActiveCfg = Release|x86
		{D4F87D2E-CAAF-4DEE-AB43-BE151B410931}.Release|x86.Build.0 = Release|x86
		{23C7549D-A0FD-402A-8470-95DB4BE6081C}.Debug|x86.ActiveCfg = Debug|x86
		{23C7549D-A0FD-402A-8470-95DB4BE6081C}.Debug|x86.Build.0 = Debug|x86
		{23C7549D-A0FD-402A-8470-95DB4BE6081C}.Release|x86.ActiveCfg = Release|x86
		{23C7549D-A0FD-402A-8470-95DB4BE6081C}.Release|x86.Build.0 = Release|x86
		{A97A6445-5A48-4CEC-A7CE-05B10126CA2A}.Debug|x86.ActiveCfg = Debug|x86
		{A97A6445-5A48-4CEC-A7CE-05B10126CA2A}.Debug|x86.Build.0 = Debug|x86
		{A97A6445-5A48-4CEC-A7CE-05B10126CA2A}.Release|x86.ActiveCfg = Release|x86
		{A97A6445-5A48-4CEC-A7CE-05B10126CA2A}.Release|x86.Build.0 = Release|x86
		{A0B35F11-5790-4473-A508-5868FFA67D70}.Debug|x86.ActiveCfg = Debug|x86
		{A0B35F11-5790-4473-A508-5868FFA67D70}.Debug|x86.Build.0 = Debug|x86
		{A0B35F11-5790-4473-A508-5868FFA67D70}.Release|x86.ActiveCfg = Release|x86
		{A0B35F11-5790-4473-A508-5868FFA67D70}.Release|x86.Build.0 = Release|x86
		{AF5EB52F-11D8-4939-ADCD-90F432A71ECC}.Debug|x86.ActiveCfg = Debug|x86
		{AF5EB52F-11D8-4939-ADCD-90F432A71ECC}.Debug|x86.Build.0 = Debug|x86
		{AF5EB52F-11D8-4939-ADCD-90F432A71ECC}.Release|x86.ActiveCfg = Release|x86
		{AF5EB52F-11D8-4939-ADCD-90F432A71ECC}.Release|x86.Build.0 = Release|x86
		{5B7732B0-3322-4B24-9ED2-15B2E5D39432}.Debug|x86.ActiveCfg = Debug|Win32
		{5B7732B0-3322-4B24-9ED2-15B2E5D39432}.Debug|x86.Build.0 = Debug|Win32
		{5B7732B0-3322-4B24-9ED2-15B2E5D39432}.Release|x86.ActiveCfg = Release|Win32
		{5B7732B0-3322-4B24-9ED2-15B2E5D39432}.Release|x86.Build.0 = Release|Win32
		{7FC4F869-A95B-439E-93A2-01D85E5A8006}.Debug|x86.ActiveCfg = Debug|x86
		{7FC4F869-A95B-439E-93A2-01D85E5A8006}.Debug|x86.Build.0 = Debug|x86
		{7FC4F869-A95B-439E-93A2-01D85E5A8006}.Release|x86.ActiveCfg = Release|x86
		{7FC4F869-A95B-439E-93A2-01D85E5A8006}.Release|x86.Build.0 = Release|x86
		{21D48CB2-CEDA-45C1-AC85-A8FE84797516}.Debug|x86.ActiveCfg = Debug|Win32
		{21D48CB2-CEDA-45C1-AC85-A8FE84797516}.Debug|x86.Build.0 = Debug|Win32
		{21D48CB2-CEDA-45C1-AC85-A8FE84797516}.Release|x86.ActiveCfg = Release|Win32
		{21D48CB2-CEDA-45C1-AC85-A8FE84797516}.Release|x86.Build.0 = Release|Win32
		{04B33E1E-C43A-455C-B864-95DDE6E53C32}.Debug|x86.ActiveCfg = Debug|x86
		{04B33E1E-C43A-455C-B864-95DDE6E53C32}.Debug|x86.Build.0 = Debug|x86
		{04B33E1E-C43A-455C-B864-95DDE6E53C32}.Release|x86.ActiveCfg = Release|x86
		{04B33E1E-C43A-455C-B864-95DDE6E53C32}.Release|x86.Build.0 = Release|x86
		{27136176-C542-471B-802F-31BE8096AA3A}.Debug|x86.ActiveCfg = Debug|Win32
		{27136176-C542-471B-802F-31BE8096AA3A}.Debug|x86.Build.0 = Debug|Win32
		{27136176-C542-471B-802F-31BE8096AA3A}.Release|x86.ActiveCfg = Release|Win32
		{27136176-C542-471B-802F-31BE8096AA3A}.Release|x86.Build.0 = Release|Win32
		{15CBFEFF-7965-41F5-B4E2-21E8795C9159}.Debug|x86.ActiveCfg = Debug|Win32
		{15CBFEFF-7965-41F5-B4E2-21E8795C9159}.Debug|x86.Build.0 = Debug|Win32
		{15CBFEFF-7965-41F5-B4E2-21E8795C9159}.Release|x86.ActiveCfg = Release|Win32
		{15CBFEFF-7965-41F5-B4E2-21E8795C9159}.Release|x86.Build.0 = Release|Win32
		{3A214E06-B95E-4D61-A291-1F8DF2EC10FD}.Debug|x86.ActiveCfg = Debug|Win32
		{3A214E06-B95E-4D61-A291-1F8DF2EC10FD}.Debug|x86.Build.0 = Debug|Win32
		{3A214E06-B95E-4D61-A291-1F8DF2EC10FD}.Release|x86.ActiveCfg = Release|Win32
		{3A214E06-B95E-4D61-A291-1F8DF2EC10FD}.Release|x86.Build.0 = Release|Win32
		{CEBDE98B-A6AA-46E6-BC79-FAAF823DB9EC}.Debug|x86.ActiveCfg = Debug|Win32
		{CEBDE98B-A6AA-46E6-BC79-FAAF823DB9EC}.Debug|x86.Build.0 = Debug|Win32
		{CEBDE98B-A6AA-46E6-BC79-FAAF823DB9EC}.Release|x86.ActiveCfg = Release|Win32
		{CEBDE98B-A6AA-46E6-BC79-FAAF823DB9EC}.Release|x86.Build.0 = Release|Win32
		{1704EA01-6B21-4362-9F1F-44D25CF2E0D7}.Debug|x86.ActiveCfg = Debug|Win32
		{1704EA01-6B21-4362-9F1F-44D25CF2E0D7}.Debug|x86.Build.0 = Debug|Win32
		{1704EA01-6B21-4362-9F1F-44D25CF2E0D7}.Release|x86.ActiveCfg = Release|Win32
		{1704EA01-6B21-4362-9F1F-44D25CF2E0D7}.Release|x86.Build.0 = Release|Win32
		{3CDB890B-5FCC-4A36-B808-7FB6C571C584}.Debug|x86.ActiveCfg = Debug|x86
		{3CDB890B-5FCC-4A36-B808-7FB6C571C584}.Debug|x86.Build.0 = Debug|x86
		{3CDB890B-5FCC-4A36-B808-7FB6C571C584}.Release|x86.ActiveCfg = Release|x86
		{3CDB890B-5FCC-4A36-B808-7FB6C571C584}.Release|x86.Build.0 = Release|x86
	EndGlobalSection
	GlobalSection(SolutionProperties) = preSolution
		HideSolutionNode = FALSE
	EndGlobalSection
EndGlobal
